
Microsoft Visual Studio Solution File, Format Version 12.00
# Visual Studio Version 16
VisualStudioVersion = 16.0.30204.135
MinimumVisualStudioVersion = 10.0.40219.1
Project("{FAE04EC0-301F-11D3-BF4B-00C04F79EFBC}") = "PeliculasAPi", "PeliculasAPi\PeliculasAPi.csproj", "{422A54FA-B4BC-4FF7-B4DA-B57F3C7AB52C}"
EndProject
Global
	GlobalSection(SolutionConfigurationPlatforms) = preSolution
		Debug|Any CPU = Debug|Any CPU
		Release|Any CPU = Release|Any CPU
	EndGlobalSection
	GlobalSection(ProjectConfigurationPlatforms) = postSolution
		{422A54FA-B4BC-4FF7-B4DA-B57F3C7AB52C}.Debug|Any CPU.ActiveCfg = Debug|Any CPU
		{422A54FA-B4BC-4FF7-B4DA-B57F3C7AB52C}.Debug|Any CPU.Build.0 = Debug|Any CPU
		{422A54FA-B4BC-4FF7-B4DA-B57F3C7AB52C}.Release|Any CPU.ActiveCfg = Release|Any CPU
		{422A54FA-B4BC-4FF7-B4DA-B57F3C7AB52C}.Release|Any CPU.Build.0 = Release|Any CPU
	EndGlobalSection
	GlobalSection(SolutionProperties) = preSolution
		HideSolutionNode = FALSE
	EndGlobalSection
	GlobalSection(ExtensibilityGlobals) = postSolution
		SolutionGuid = {74E3E842-45BD-4745-8DBA-6AED5948D736}
	EndGlobalSection
EndGlobal
